// !$*UTF8*$!
{
	archiveVersion = 1;
	classes = {
	};
	objectVersion = 50;
	objects = {

/* Begin PBXBuildFile section */
		3C20340320C5361C002253D4 /* ImageIO.framework in Frameworks */ = {isa = PBXBuildFile; fileRef = 3C20340220C5361B002253D4 /* ImageIO.framework */; };
		3C20344420C536E1002253D4 /* MKAnnotationView+WebCache.m in Sources */ = {isa = PBXBuildFile; fileRef = 3C20340920C536E1002253D4 /* MKAnnotationView+WebCache.m */; };
		3C20344520C536E1002253D4 /* NSButton+WebCache.m in Sources */ = {isa = PBXBuildFile; fileRef = 3C20340B20C536E1002253D4 /* NSButton+WebCache.m */; };
		3C20344620C536E1002253D4 /* NSData+ImageContentType.m in Sources */ = {isa = PBXBuildFile; fileRef = 3C20340D20C536E1002253D4 /* NSData+ImageContentType.m */; };
		3C20344720C536E1002253D4 /* NSImage+WebCache.m in Sources */ = {isa = PBXBuildFile; fileRef = 3C20340F20C536E1002253D4 /* NSImage+WebCache.m */; };
		3C20344820C536E1002253D4 /* SDAnimatedImageRep.m in Sources */ = {isa = PBXBuildFile; fileRef = 3C20341120C536E1002253D4 /* SDAnimatedImageRep.m */; };
		3C20344920C536E1002253D4 /* SDImageCache.m in Sources */ = {isa = PBXBuildFile; fileRef = 3C20341320C536E1002253D4 /* SDImageCache.m */; };
		3C20344A20C536E1002253D4 /* SDImageCacheConfig.m in Sources */ = {isa = PBXBuildFile; fileRef = 3C20341520C536E1002253D4 /* SDImageCacheConfig.m */; };
		3C20344B20C536E1002253D4 /* SDWebImageCoder.m in Sources */ = {isa = PBXBuildFile; fileRef = 3C20341720C536E1002253D4 /* SDWebImageCoder.m */; };
		3C20344C20C536E1002253D4 /* SDWebImageCoderHelper.m in Sources */ = {isa = PBXBuildFile; fileRef = 3C20341920C536E1002253D4 /* SDWebImageCoderHelper.m */; };
		3C20344D20C536E1002253D4 /* SDWebImageCodersManager.m in Sources */ = {isa = PBXBuildFile; fileRef = 3C20341B20C536E1002253D4 /* SDWebImageCodersManager.m */; };
		3C20344E20C536E1002253D4 /* SDWebImageCompat.m in Sources */ = {isa = PBXBuildFile; fileRef = 3C20341D20C536E1002253D4 /* SDWebImageCompat.m */; };
		3C20344F20C536E1002253D4 /* SDWebImageDownloader.m in Sources */ = {isa = PBXBuildFile; fileRef = 3C20341F20C536E1002253D4 /* SDWebImageDownloader.m */; };
		3C20345020C536E1002253D4 /* SDWebImageDownloaderOperation.m in Sources */ = {isa = PBXBuildFile; fileRef = 3C20342120C536E1002253D4 /* SDWebImageDownloaderOperation.m */; };
		3C20345120C536E1002253D4 /* SDWebImageFrame.m in Sources */ = {isa = PBXBuildFile; fileRef = 3C20342320C536E1002253D4 /* SDWebImageFrame.m */; };
		3C20345220C536E1002253D4 /* SDWebImageGIFCoder.m in Sources */ = {isa = PBXBuildFile; fileRef = 3C20342520C536E1002253D4 /* SDWebImageGIFCoder.m */; };
		3C20345320C536E1002253D4 /* SDWebImageImageIOCoder.m in Sources */ = {isa = PBXBuildFile; fileRef = 3C20342720C536E1002253D4 /* SDWebImageImageIOCoder.m */; };
		3C20345420C536E1002253D4 /* SDWebImageManager.m in Sources */ = {isa = PBXBuildFile; fileRef = 3C20342920C536E1002253D4 /* SDWebImageManager.m */; };
		3C20345520C536E1002253D4 /* SDWebImagePrefetcher.m in Sources */ = {isa = PBXBuildFile; fileRef = 3C20342C20C536E1002253D4 /* SDWebImagePrefetcher.m */; };
		3C20345620C536E1002253D4 /* SDWebImageTransition.m in Sources */ = {isa = PBXBuildFile; fileRef = 3C20342E20C536E1002253D4 /* SDWebImageTransition.m */; };
		3C20345720C536E1002253D4 /* SDWebImageWebPCoder.m in Sources */ = {isa = PBXBuildFile; fileRef = 3C20343020C536E1002253D4 /* SDWebImageWebPCoder.m */; };
		3C20345820C536E1002253D4 /* UIButton+WebCache.m in Sources */ = {isa = PBXBuildFile; fileRef = 3C20343220C536E1002253D4 /* UIButton+WebCache.m */; };
		3C20345920C536E1002253D4 /* UIImage+ForceDecode.m in Sources */ = {isa = PBXBuildFile; fileRef = 3C20343420C536E1002253D4 /* UIImage+ForceDecode.m */; };
		3C20345A20C536E1002253D4 /* UIImage+GIF.m in Sources */ = {isa = PBXBuildFile; fileRef = 3C20343620C536E1002253D4 /* UIImage+GIF.m */; };
		3C20345B20C536E1002253D4 /* UIImage+MultiFormat.m in Sources */ = {isa = PBXBuildFile; fileRef = 3C20343820C536E1002253D4 /* UIImage+MultiFormat.m */; };
		3C20345C20C536E1002253D4 /* UIImage+WebP.m in Sources */ = {isa = PBXBuildFile; fileRef = 3C20343A20C536E1002253D4 /* UIImage+WebP.m */; };
		3C20345D20C536E1002253D4 /* UIImageView+HighlightedWebCache.m in Sources */ = {isa = PBXBuildFile; fileRef = 3C20343C20C536E1002253D4 /* UIImageView+HighlightedWebCache.m */; };
		3C20345E20C536E1002253D4 /* UIImageView+WebCache.m in Sources */ = {isa = PBXBuildFile; fileRef = 3C20343E20C536E1002253D4 /* UIImageView+WebCache.m */; };
		3C20345F20C536E1002253D4 /* UIView+WebCache.m in Sources */ = {isa = PBXBuildFile; fileRef = 3C20344020C536E1002253D4 /* UIView+WebCache.m */; };
		3C20346020C536E1002253D4 /* UIView+WebCacheOperation.m in Sources */ = {isa = PBXBuildFile; fileRef = 3C20344220C536E1002253D4 /* UIView+WebCacheOperation.m */; };
		3C20347020C53A29002253D4 /* AFHTTPSessionManager.m in Sources */ = {isa = PBXBuildFile; fileRef = 3C20346420C53A28002253D4 /* AFHTTPSessionManager.m */; };
		3C20347120C53A29002253D4 /* AFNetworkReachabilityManager.m in Sources */ = {isa = PBXBuildFile; fileRef = 3C20346720C53A28002253D4 /* AFNetworkReachabilityManager.m */; };
		3C20347220C53A29002253D4 /* AFSecurityPolicy.m in Sources */ = {isa = PBXBuildFile; fileRef = 3C20346920C53A28002253D4 /* AFSecurityPolicy.m */; };
		3C20347320C53A29002253D4 /* AFURLRequestSerialization.m in Sources */ = {isa = PBXBuildFile; fileRef = 3C20346B20C53A28002253D4 /* AFURLRequestSerialization.m */; };
		3C20347420C53A29002253D4 /* AFURLResponseSerialization.m in Sources */ = {isa = PBXBuildFile; fileRef = 3C20346D20C53A28002253D4 /* AFURLResponseSerialization.m */; };
		3C20347520C53A29002253D4 /* AFURLSessionManager.m in Sources */ = {isa = PBXBuildFile; fileRef = 3C20346F20C53A28002253D4 /* AFURLSessionManager.m */; };
		3C226FA220BEDEB8001DFA28 /* FeedTableViewController.m in Sources */ = {isa = PBXBuildFile; fileRef = 3C226FA120BEDEB8001DFA28 /* FeedTableViewController.m */; };
		3C226FA520BFE3D0001DFA28 /* PhotoViewController.m in Sources */ = {isa = PBXBuildFile; fileRef = 3C226FA420BFE3D0001DFA28 /* PhotoViewController.m */; };
		3C29875D20BBC96300414217 /* FeedViewController.m in Sources */ = {isa = PBXBuildFile; fileRef = 3C29875C20BBC96300414217 /* FeedViewController.m */; };
		3C29876020BBCC6100414217 /* FavouritesViewController.m in Sources */ = {isa = PBXBuildFile; fileRef = 3C29875F20BBCC6100414217 /* FavouritesViewController.m */; };
		3C29876320BBCCEA00414217 /* ProfileViewController.m in Sources */ = {isa = PBXBuildFile; fileRef = 3C29876220BBCCEA00414217 /* ProfileViewController.m */; };
		3C98B1BD20B6E97B00FCA165 /* AppDelegate.m in Sources */ = {isa = PBXBuildFile; fileRef = 3C98B1BC20B6E97B00FCA165 /* AppDelegate.m */; };
		3C98B1C020B6E97B00FCA165 /* ViewController.m in Sources */ = {isa = PBXBuildFile; fileRef = 3C98B1BF20B6E97B00FCA165 /* ViewController.m */; };
		3C98B1C320B6E97B00FCA165 /* Main.storyboard in Resources */ = {isa = PBXBuildFile; fileRef = 3C98B1C120B6E97B00FCA165 /* Main.storyboard */; };
		3C98B1C520B6E98C00FCA165 /* Assets.xcassets in Resources */ = {isa = PBXBuildFile; fileRef = 3C98B1C420B6E98C00FCA165 /* Assets.xcassets */; };
		3C98B1C820B6E98C00FCA165 /* LaunchScreen.storyboard in Resources */ = {isa = PBXBuildFile; fileRef = 3C98B1C620B6E98C00FCA165 /* LaunchScreen.storyboard */; };
		3C98B1CB20B6E98C00FCA165 /* main.m in Sources */ = {isa = PBXBuildFile; fileRef = 3C98B1CA20B6E98C00FCA165 /* main.m */; };
/* End PBXBuildFile section */

/* Begin PBXFileReference section */
		3C20340220C5361B002253D4 /* ImageIO.framework */ = {isa = PBXFileReference; lastKnownFileType = wrapper.framework; name = ImageIO.framework; path = System/Library/Frameworks/ImageIO.framework; sourceTree = SDKROOT; };
		3C20340820C536E1002253D4 /* MKAnnotationView+WebCache.h */ = {isa = PBXFileReference; fileEncoding = 4; lastKnownFileType = sourcecode.c.h; path = "MKAnnotationView+WebCache.h"; sourceTree = "<group>"; };
		3C20340920C536E1002253D4 /* MKAnnotationView+WebCache.m */ = {isa = PBXFileReference; fileEncoding = 4; lastKnownFileType = sourcecode.c.objc; path = "MKAnnotationView+WebCache.m"; sourceTree = "<group>"; };
		3C20340A20C536E1002253D4 /* NSButton+WebCache.h */ = {isa = PBXFileReference; fileEncoding = 4; lastKnownFileType = sourcecode.c.h; path = "NSButton+WebCache.h"; sourceTree = "<group>"; };
		3C20340B20C536E1002253D4 /* NSButton+WebCache.m */ = {isa = PBXFileReference; fileEncoding = 4; lastKnownFileType = sourcecode.c.objc; path = "NSButton+WebCache.m"; sourceTree = "<group>"; };
		3C20340C20C536E1002253D4 /* NSData+ImageContentType.h */ = {isa = PBXFileReference; fileEncoding = 4; lastKnownFileType = sourcecode.c.h; path = "NSData+ImageContentType.h"; sourceTree = "<group>"; };
		3C20340D20C536E1002253D4 /* NSData+ImageContentType.m */ = {isa = PBXFileReference; fileEncoding = 4; lastKnownFileType = sourcecode.c.objc; path = "NSData+ImageContentType.m"; sourceTree = "<group>"; };
		3C20340E20C536E1002253D4 /* NSImage+WebCache.h */ = {isa = PBXFileReference; fileEncoding = 4; lastKnownFileType = sourcecode.c.h; path = "NSImage+WebCache.h"; sourceTree = "<group>"; };
		3C20340F20C536E1002253D4 /* NSImage+WebCache.m */ = {isa = PBXFileReference; fileEncoding = 4; lastKnownFileType = sourcecode.c.objc; path = "NSImage+WebCache.m"; sourceTree = "<group>"; };
		3C20341020C536E1002253D4 /* SDAnimatedImageRep.h */ = {isa = PBXFileReference; fileEncoding = 4; lastKnownFileType = sourcecode.c.h; path = SDAnimatedImageRep.h; sourceTree = "<group>"; };
		3C20341120C536E1002253D4 /* SDAnimatedImageRep.m */ = {isa = PBXFileReference; fileEncoding = 4; lastKnownFileType = sourcecode.c.objc; path = SDAnimatedImageRep.m; sourceTree = "<group>"; };
		3C20341220C536E1002253D4 /* SDImageCache.h */ = {isa = PBXFileReference; fileEncoding = 4; lastKnownFileType = sourcecode.c.h; path = SDImageCache.h; sourceTree = "<group>"; };
		3C20341320C536E1002253D4 /* SDImageCache.m */ = {isa = PBXFileReference; fileEncoding = 4; lastKnownFileType = sourcecode.c.objc; path = SDImageCache.m; sourceTree = "<group>"; };
		3C20341420C536E1002253D4 /* SDImageCacheConfig.h */ = {isa = PBXFileReference; fileEncoding = 4; lastKnownFileType = sourcecode.c.h; path = SDImageCacheConfig.h; sourceTree = "<group>"; };
		3C20341520C536E1002253D4 /* SDImageCacheConfig.m */ = {isa = PBXFileReference; fileEncoding = 4; lastKnownFileType = sourcecode.c.objc; path = SDImageCacheConfig.m; sourceTree = "<group>"; };
		3C20341620C536E1002253D4 /* SDWebImageCoder.h */ = {isa = PBXFileReference; fileEncoding = 4; lastKnownFileType = sourcecode.c.h; path = SDWebImageCoder.h; sourceTree = "<group>"; };
		3C20341720C536E1002253D4 /* SDWebImageCoder.m */ = {isa = PBXFileReference; fileEncoding = 4; lastKnownFileType = sourcecode.c.objc; path = SDWebImageCoder.m; sourceTree = "<group>"; };
		3C20341820C536E1002253D4 /* SDWebImageCoderHelper.h */ = {isa = PBXFileReference; fileEncoding = 4; lastKnownFileType = sourcecode.c.h; path = SDWebImageCoderHelper.h; sourceTree = "<group>"; };
		3C20341920C536E1002253D4 /* SDWebImageCoderHelper.m */ = {isa = PBXFileReference; fileEncoding = 4; lastKnownFileType = sourcecode.c.objc; path = SDWebImageCoderHelper.m; sourceTree = "<group>"; };
		3C20341A20C536E1002253D4 /* SDWebImageCodersManager.h */ = {isa = PBXFileReference; fileEncoding = 4; lastKnownFileType = sourcecode.c.h; path = SDWebImageCodersManager.h; sourceTree = "<group>"; };
		3C20341B20C536E1002253D4 /* SDWebImageCodersManager.m */ = {isa = PBXFileReference; fileEncoding = 4; lastKnownFileType = sourcecode.c.objc; path = SDWebImageCodersManager.m; sourceTree = "<group>"; };
		3C20341C20C536E1002253D4 /* SDWebImageCompat.h */ = {isa = PBXFileReference; fileEncoding = 4; lastKnownFileType = sourcecode.c.h; path = SDWebImageCompat.h; sourceTree = "<group>"; };
		3C20341D20C536E1002253D4 /* SDWebImageCompat.m */ = {isa = PBXFileReference; fileEncoding = 4; lastKnownFileType = sourcecode.c.objc; path = SDWebImageCompat.m; sourceTree = "<group>"; };
		3C20341E20C536E1002253D4 /* SDWebImageDownloader.h */ = {isa = PBXFileReference; fileEncoding = 4; lastKnownFileType = sourcecode.c.h; path = SDWebImageDownloader.h; sourceTree = "<group>"; };
		3C20341F20C536E1002253D4 /* SDWebImageDownloader.m */ = {isa = PBXFileReference; fileEncoding = 4; lastKnownFileType = sourcecode.c.objc; path = SDWebImageDownloader.m; sourceTree = "<group>"; };
		3C20342020C536E1002253D4 /* SDWebImageDownloaderOperation.h */ = {isa = PBXFileReference; fileEncoding = 4; lastKnownFileType = sourcecode.c.h; path = SDWebImageDownloaderOperation.h; sourceTree = "<group>"; };
		3C20342120C536E1002253D4 /* SDWebImageDownloaderOperation.m */ = {isa = PBXFileReference; fileEncoding = 4; lastKnownFileType = sourcecode.c.objc; path = SDWebImageDownloaderOperation.m; sourceTree = "<group>"; };
		3C20342220C536E1002253D4 /* SDWebImageFrame.h */ = {isa = PBXFileReference; fileEncoding = 4; lastKnownFileType = sourcecode.c.h; path = SDWebImageFrame.h; sourceTree = "<group>"; };
		3C20342320C536E1002253D4 /* SDWebImageFrame.m */ = {isa = PBXFileReference; fileEncoding = 4; lastKnownFileType = sourcecode.c.objc; path = SDWebImageFrame.m; sourceTree = "<group>"; };
		3C20342420C536E1002253D4 /* SDWebImageGIFCoder.h */ = {isa = PBXFileReference; fileEncoding = 4; lastKnownFileType = sourcecode.c.h; path = SDWebImageGIFCoder.h; sourceTree = "<group>"; };
		3C20342520C536E1002253D4 /* SDWebImageGIFCoder.m */ = {isa = PBXFileReference; fileEncoding = 4; lastKnownFileType = sourcecode.c.objc; path = SDWebImageGIFCoder.m; sourceTree = "<group>"; };
		3C20342620C536E1002253D4 /* SDWebImageImageIOCoder.h */ = {isa = PBXFileReference; fileEncoding = 4; lastKnownFileType = sourcecode.c.h; path = SDWebImageImageIOCoder.h; sourceTree = "<group>"; };
		3C20342720C536E1002253D4 /* SDWebImageImageIOCoder.m */ = {isa = PBXFileReference; fileEncoding = 4; lastKnownFileType = sourcecode.c.objc; path = SDWebImageImageIOCoder.m; sourceTree = "<group>"; };
		3C20342820C536E1002253D4 /* SDWebImageManager.h */ = {isa = PBXFileReference; fileEncoding = 4; lastKnownFileType = sourcecode.c.h; path = SDWebImageManager.h; sourceTree = "<group>"; };
		3C20342920C536E1002253D4 /* SDWebImageManager.m */ = {isa = PBXFileReference; fileEncoding = 4; lastKnownFileType = sourcecode.c.objc; path = SDWebImageManager.m; sourceTree = "<group>"; };
		3C20342A20C536E1002253D4 /* SDWebImageOperation.h */ = {isa = PBXFileReference; fileEncoding = 4; lastKnownFileType = sourcecode.c.h; path = SDWebImageOperation.h; sourceTree = "<group>"; };
		3C20342B20C536E1002253D4 /* SDWebImagePrefetcher.h */ = {isa = PBXFileReference; fileEncoding = 4; lastKnownFileType = sourcecode.c.h; path = SDWebImagePrefetcher.h; sourceTree = "<group>"; };
		3C20342C20C536E1002253D4 /* SDWebImagePrefetcher.m */ = {isa = PBXFileReference; fileEncoding = 4; lastKnownFileType = sourcecode.c.objc; path = SDWebImagePrefetcher.m; sourceTree = "<group>"; };
		3C20342D20C536E1002253D4 /* SDWebImageTransition.h */ = {isa = PBXFileReference; fileEncoding = 4; lastKnownFileType = sourcecode.c.h; path = SDWebImageTransition.h; sourceTree = "<group>"; };
		3C20342E20C536E1002253D4 /* SDWebImageTransition.m */ = {isa = PBXFileReference; fileEncoding = 4; lastKnownFileType = sourcecode.c.objc; path = SDWebImageTransition.m; sourceTree = "<group>"; };
		3C20342F20C536E1002253D4 /* SDWebImageWebPCoder.h */ = {isa = PBXFileReference; fileEncoding = 4; lastKnownFileType = sourcecode.c.h; path = SDWebImageWebPCoder.h; sourceTree = "<group>"; };
		3C20343020C536E1002253D4 /* SDWebImageWebPCoder.m */ = {isa = PBXFileReference; fileEncoding = 4; lastKnownFileType = sourcecode.c.objc; path = SDWebImageWebPCoder.m; sourceTree = "<group>"; };
		3C20343120C536E1002253D4 /* UIButton+WebCache.h */ = {isa = PBXFileReference; fileEncoding = 4; lastKnownFileType = sourcecode.c.h; path = "UIButton+WebCache.h"; sourceTree = "<group>"; };
		3C20343220C536E1002253D4 /* UIButton+WebCache.m */ = {isa = PBXFileReference; fileEncoding = 4; lastKnownFileType = sourcecode.c.objc; path = "UIButton+WebCache.m"; sourceTree = "<group>"; };
		3C20343320C536E1002253D4 /* UIImage+ForceDecode.h */ = {isa = PBXFileReference; fileEncoding = 4; lastKnownFileType = sourcecode.c.h; path = "UIImage+ForceDecode.h"; sourceTree = "<group>"; };
		3C20343420C536E1002253D4 /* UIImage+ForceDecode.m */ = {isa = PBXFileReference; fileEncoding = 4; lastKnownFileType = sourcecode.c.objc; path = "UIImage+ForceDecode.m"; sourceTree = "<group>"; };
		3C20343520C536E1002253D4 /* UIImage+GIF.h */ = {isa = PBXFileReference; fileEncoding = 4; lastKnownFileType = sourcecode.c.h; path = "UIImage+GIF.h"; sourceTree = "<group>"; };
		3C20343620C536E1002253D4 /* UIImage+GIF.m */ = {isa = PBXFileReference; fileEncoding = 4; lastKnownFileType = sourcecode.c.objc; path = "UIImage+GIF.m"; sourceTree = "<group>"; };
		3C20343720C536E1002253D4 /* UIImage+MultiFormat.h */ = {isa = PBXFileReference; fileEncoding = 4; lastKnownFileType = sourcecode.c.h; path = "UIImage+MultiFormat.h"; sourceTree = "<group>"; };
		3C20343820C536E1002253D4 /* UIImage+MultiFormat.m */ = {isa = PBXFileReference; fileEncoding = 4; lastKnownFileType = sourcecode.c.objc; path = "UIImage+MultiFormat.m"; sourceTree = "<group>"; };
		3C20343920C536E1002253D4 /* UIImage+WebP.h */ = {isa = PBXFileReference; fileEncoding = 4; lastKnownFileType = sourcecode.c.h; path = "UIImage+WebP.h"; sourceTree = "<group>"; };
		3C20343A20C536E1002253D4 /* UIImage+WebP.m */ = {isa = PBXFileReference; fileEncoding = 4; lastKnownFileType = sourcecode.c.objc; path = "UIImage+WebP.m"; sourceTree = "<group>"; };
		3C20343B20C536E1002253D4 /* UIImageView+HighlightedWebCache.h */ = {isa = PBXFileReference; fileEncoding = 4; lastKnownFileType = sourcecode.c.h; path = "UIImageView+HighlightedWebCache.h"; sourceTree = "<group>"; };
		3C20343C20C536E1002253D4 /* UIImageView+HighlightedWebCache.m */ = {isa = PBXFileReference; fileEncoding = 4; lastKnownFileType = sourcecode.c.objc; path = "UIImageView+HighlightedWebCache.m"; sourceTree = "<group>"; };
		3C20343D20C536E1002253D4 /* UIImageView+WebCache.h */ = {isa = PBXFileReference; fileEncoding = 4; lastKnownFileType = sourcecode.c.h; path = "UIImageView+WebCache.h"; sourceTree = "<group>"; };
		3C20343E20C536E1002253D4 /* UIImageView+WebCache.m */ = {isa = PBXFileReference; fileEncoding = 4; lastKnownFileType = sourcecode.c.objc; path = "UIImageView+WebCache.m"; sourceTree = "<group>"; };
		3C20343F20C536E1002253D4 /* UIView+WebCache.h */ = {isa = PBXFileReference; fileEncoding = 4; lastKnownFileType = sourcecode.c.h; path = "UIView+WebCache.h"; sourceTree = "<group>"; };
		3C20344020C536E1002253D4 /* UIView+WebCache.m */ = {isa = PBXFileReference; fileEncoding = 4; lastKnownFileType = sourcecode.c.objc; path = "UIView+WebCache.m"; sourceTree = "<group>"; };
		3C20344120C536E1002253D4 /* UIView+WebCacheOperation.h */ = {isa = PBXFileReference; fileEncoding = 4; lastKnownFileType = sourcecode.c.h; path = "UIView+WebCacheOperation.h"; sourceTree = "<group>"; };
		3C20344220C536E1002253D4 /* UIView+WebCacheOperation.m */ = {isa = PBXFileReference; fileEncoding = 4; lastKnownFileType = sourcecode.c.objc; path = "UIView+WebCacheOperation.m"; sourceTree = "<group>"; };
		3C20346220C53A28002253D4 /* AFCompatibilityMacros.h */ = {isa = PBXFileReference; fileEncoding = 4; lastKnownFileType = sourcecode.c.h; path = AFCompatibilityMacros.h; sourceTree = "<group>"; };
		3C20346320C53A28002253D4 /* AFHTTPSessionManager.h */ = {isa = PBXFileReference; fileEncoding = 4; lastKnownFileType = sourcecode.c.h; path = AFHTTPSessionManager.h; sourceTree = "<group>"; };
		3C20346420C53A28002253D4 /* AFHTTPSessionManager.m */ = {isa = PBXFileReference; fileEncoding = 4; lastKnownFileType = sourcecode.c.objc; path = AFHTTPSessionManager.m; sourceTree = "<group>"; };
		3C20346520C53A28002253D4 /* AFNetworking.h */ = {isa = PBXFileReference; fileEncoding = 4; lastKnownFileType = sourcecode.c.h; path = AFNetworking.h; sourceTree = "<group>"; };
		3C20346620C53A28002253D4 /* AFNetworkReachabilityManager.h */ = {isa = PBXFileReference; fileEncoding = 4; lastKnownFileType = sourcecode.c.h; path = AFNetworkReachabilityManager.h; sourceTree = "<group>"; };
		3C20346720C53A28002253D4 /* AFNetworkReachabilityManager.m */ = {isa = PBXFileReference; fileEncoding = 4; lastKnownFileType = sourcecode.c.objc; path = AFNetworkReachabilityManager.m; sourceTree = "<group>"; };
		3C20346820C53A28002253D4 /* AFSecurityPolicy.h */ = {isa = PBXFileReference; fileEncoding = 4; lastKnownFileType = sourcecode.c.h; path = AFSecurityPolicy.h; sourceTree = "<group>"; };
		3C20346920C53A28002253D4 /* AFSecurityPolicy.m */ = {isa = PBXFileReference; fileEncoding = 4; lastKnownFileType = sourcecode.c.objc; path = AFSecurityPolicy.m; sourceTree = "<group>"; };
		3C20346A20C53A28002253D4 /* AFURLRequestSerialization.h */ = {isa = PBXFileReference; fileEncoding = 4; lastKnownFileType = sourcecode.c.h; path = AFURLRequestSerialization.h; sourceTree = "<group>"; };
		3C20346B20C53A28002253D4 /* AFURLRequestSerialization.m */ = {isa = PBXFileReference; fileEncoding = 4; lastKnownFileType = sourcecode.c.objc; path = AFURLRequestSerialization.m; sourceTree = "<group>"; };
		3C20346C20C53A28002253D4 /* AFURLResponseSerialization.h */ = {isa = PBXFileReference; fileEncoding = 4; lastKnownFileType = sourcecode.c.h; path = AFURLResponseSerialization.h; sourceTree = "<group>"; };
		3C20346D20C53A28002253D4 /* AFURLResponseSerialization.m */ = {isa = PBXFileReference; fileEncoding = 4; lastKnownFileType = sourcecode.c.objc; path = AFURLResponseSerialization.m; sourceTree = "<group>"; };
		3C20346E20C53A28002253D4 /* AFURLSessionManager.h */ = {isa = PBXFileReference; fileEncoding = 4; lastKnownFileType = sourcecode.c.h; path = AFURLSessionManager.h; sourceTree = "<group>"; };
		3C20346F20C53A28002253D4 /* AFURLSessionManager.m */ = {isa = PBXFileReference; fileEncoding = 4; lastKnownFileType = sourcecode.c.objc; path = AFURLSessionManager.m; sourceTree = "<group>"; };
		3C226FA020BEDEB8001DFA28 /* FeedTableViewController.h */ = {isa = PBXFileReference; lastKnownFileType = sourcecode.c.h; path = FeedTableViewController.h; sourceTree = "<group>"; };
		3C226FA120BEDEB8001DFA28 /* FeedTableViewController.m */ = {isa = PBXFileReference; lastKnownFileType = sourcecode.c.objc; path = FeedTableViewController.m; sourceTree = "<group>"; };
		3C226FA320BFE3D0001DFA28 /* PhotoViewController.h */ = {isa = PBXFileReference; lastKnownFileType = sourcecode.c.h; path = PhotoViewController.h; sourceTree = "<group>"; };
		3C226FA420BFE3D0001DFA28 /* PhotoViewController.m */ = {isa = PBXFileReference; lastKnownFileType = sourcecode.c.objc; path = PhotoViewController.m; sourceTree = "<group>"; };
		3C29875B20BBC96300414217 /* FeedViewController.h */ = {isa = PBXFileReference; lastKnownFileType = sourcecode.c.h; path = FeedViewController.h; sourceTree = "<group>"; };
		3C29875C20BBC96300414217 /* FeedViewController.m */ = {isa = PBXFileReference; lastKnownFileType = sourcecode.c.objc; path = FeedViewController.m; sourceTree = "<group>"; };
		3C29875E20BBCC6100414217 /* FavouritesViewController.h */ = {isa = PBXFileReference; lastKnownFileType = sourcecode.c.h; path = FavouritesViewController.h; sourceTree = "<group>"; };
		3C29875F20BBCC6100414217 /* FavouritesViewController.m */ = {isa = PBXFileReference; lastKnownFileType = sourcecode.c.objc; path = FavouritesViewController.m; sourceTree = "<group>"; };
		3C29876120BBCCEA00414217 /* ProfileViewController.h */ = {isa = PBXFileReference; lastKnownFileType = sourcecode.c.h; path = ProfileViewController.h; sourceTree = "<group>"; };
		3C29876220BBCCEA00414217 /* ProfileViewController.m */ = {isa = PBXFileReference; lastKnownFileType = sourcecode.c.objc; path = ProfileViewController.m; sourceTree = "<group>"; };
		3C98B1B820B6E97B00FCA165 /* UITab.app */ = {isa = PBXFileReference; explicitFileType = wrapper.application; includeInIndex = 0; path = UITab.app; sourceTree = BUILT_PRODUCTS_DIR; };
		3C98B1BB20B6E97B00FCA165 /* AppDelegate.h */ = {isa = PBXFileReference; lastKnownFileType = sourcecode.c.h; path = AppDelegate.h; sourceTree = "<group>"; };
		3C98B1BC20B6E97B00FCA165 /* AppDelegate.m */ = {isa = PBXFileReference; lastKnownFileType = sourcecode.c.objc; path = AppDelegate.m; sourceTree = "<group>"; };
		3C98B1BE20B6E97B00FCA165 /* ViewController.h */ = {isa = PBXFileReference; lastKnownFileType = sourcecode.c.h; path = ViewController.h; sourceTree = "<group>"; };
		3C98B1BF20B6E97B00FCA165 /* ViewController.m */ = {isa = PBXFileReference; lastKnownFileType = sourcecode.c.objc; path = ViewController.m; sourceTree = "<group>"; };
		3C98B1C220B6E97B00FCA165 /* Base */ = {isa = PBXFileReference; lastKnownFileType = file.storyboard; name = Base; path = Base.lproj/Main.storyboard; sourceTree = "<group>"; };
		3C98B1C420B6E98C00FCA165 /* Assets.xcassets */ = {isa = PBXFileReference; lastKnownFileType = folder.assetcatalog; path = Assets.xcassets; sourceTree = "<group>"; };
		3C98B1C720B6E98C00FCA165 /* Base */ = {isa = PBXFileReference; lastKnownFileType = file.storyboard; name = Base; path = Base.lproj/LaunchScreen.storyboard; sourceTree = "<group>"; };
		3C98B1C920B6E98C00FCA165 /* Info.plist */ = {isa = PBXFileReference; lastKnownFileType = text.plist.xml; path = Info.plist; sourceTree = "<group>"; };
		3C98B1CA20B6E98C00FCA165 /* main.m */ = {isa = PBXFileReference; lastKnownFileType = sourcecode.c.objc; path = main.m; sourceTree = "<group>"; };
/* End PBXFileReference section */

/* Begin PBXFrameworksBuildPhase section */
		3C98B1B520B6E97B00FCA165 /* Frameworks */ = {
			isa = PBXFrameworksBuildPhase;
			buildActionMask = 2147483647;
			files = (
				3C20340320C5361C002253D4 /* ImageIO.framework in Frameworks */,
			);
			runOnlyForDeploymentPostprocessing = 0;
		};
/* End PBXFrameworksBuildPhase section */

/* Begin PBXGroup section */
		3C20340120C5361B002253D4 /* Frameworks */ = {
			isa = PBXGroup;
			children = (
				3C20340220C5361B002253D4 /* ImageIO.framework */,
			);
			name = Frameworks;
			sourceTree = "<group>";
		};
		3C20340420C536E1002253D4 /* SDWebImage */ = {
			isa = PBXGroup;
			children = (
				3C20340820C536E1002253D4 /* MKAnnotationView+WebCache.h */,
				3C20340920C536E1002253D4 /* MKAnnotationView+WebCache.m */,
				3C20340A20C536E1002253D4 /* NSButton+WebCache.h */,
				3C20340B20C536E1002253D4 /* NSButton+WebCache.m */,
				3C20340C20C536E1002253D4 /* NSData+ImageContentType.h */,
				3C20340D20C536E1002253D4 /* NSData+ImageContentType.m */,
				3C20340E20C536E1002253D4 /* NSImage+WebCache.h */,
				3C20340F20C536E1002253D4 /* NSImage+WebCache.m */,
				3C20341020C536E1002253D4 /* SDAnimatedImageRep.h */,
				3C20341120C536E1002253D4 /* SDAnimatedImageRep.m */,
				3C20341220C536E1002253D4 /* SDImageCache.h */,
				3C20341320C536E1002253D4 /* SDImageCache.m */,
				3C20341420C536E1002253D4 /* SDImageCacheConfig.h */,
				3C20341520C536E1002253D4 /* SDImageCacheConfig.m */,
				3C20341620C536E1002253D4 /* SDWebImageCoder.h */,
				3C20341720C536E1002253D4 /* SDWebImageCoder.m */,
				3C20341820C536E1002253D4 /* SDWebImageCoderHelper.h */,
				3C20341920C536E1002253D4 /* SDWebImageCoderHelper.m */,
				3C20341A20C536E1002253D4 /* SDWebImageCodersManager.h */,
				3C20341B20C536E1002253D4 /* SDWebImageCodersManager.m */,
				3C20341C20C536E1002253D4 /* SDWebImageCompat.h */,
				3C20341D20C536E1002253D4 /* SDWebImageCompat.m */,
				3C20341E20C536E1002253D4 /* SDWebImageDownloader.h */,
				3C20341F20C536E1002253D4 /* SDWebImageDownloader.m */,
				3C20342020C536E1002253D4 /* SDWebImageDownloaderOperation.h */,
				3C20342120C536E1002253D4 /* SDWebImageDownloaderOperation.m */,
				3C20342220C536E1002253D4 /* SDWebImageFrame.h */,
				3C20342320C536E1002253D4 /* SDWebImageFrame.m */,
				3C20342420C536E1002253D4 /* SDWebImageGIFCoder.h */,
				3C20342520C536E1002253D4 /* SDWebImageGIFCoder.m */,
				3C20342620C536E1002253D4 /* SDWebImageImageIOCoder.h */,
				3C20342720C536E1002253D4 /* SDWebImageImageIOCoder.m */,
				3C20342820C536E1002253D4 /* SDWebImageManager.h */,
				3C20342920C536E1002253D4 /* SDWebImageManager.m */,
				3C20342A20C536E1002253D4 /* SDWebImageOperation.h */,
				3C20342B20C536E1002253D4 /* SDWebImagePrefetcher.h */,
				3C20342C20C536E1002253D4 /* SDWebImagePrefetcher.m */,
				3C20342D20C536E1002253D4 /* SDWebImageTransition.h */,
				3C20342E20C536E1002253D4 /* SDWebImageTransition.m */,
				3C20342F20C536E1002253D4 /* SDWebImageWebPCoder.h */,
				3C20343020C536E1002253D4 /* SDWebImageWebPCoder.m */,
				3C20343120C536E1002253D4 /* UIButton+WebCache.h */,
				3C20343220C536E1002253D4 /* UIButton+WebCache.m */,
				3C20343320C536E1002253D4 /* UIImage+ForceDecode.h */,
				3C20343420C536E1002253D4 /* UIImage+ForceDecode.m */,
				3C20343520C536E1002253D4 /* UIImage+GIF.h */,
				3C20343620C536E1002253D4 /* UIImage+GIF.m */,
				3C20343720C536E1002253D4 /* UIImage+MultiFormat.h */,
				3C20343820C536E1002253D4 /* UIImage+MultiFormat.m */,
				3C20343920C536E1002253D4 /* UIImage+WebP.h */,
				3C20343A20C536E1002253D4 /* UIImage+WebP.m */,
				3C20343B20C536E1002253D4 /* UIImageView+HighlightedWebCache.h */,
				3C20343C20C536E1002253D4 /* UIImageView+HighlightedWebCache.m */,
				3C20343D20C536E1002253D4 /* UIImageView+WebCache.h */,
				3C20343E20C536E1002253D4 /* UIImageView+WebCache.m */,
				3C20343F20C536E1002253D4 /* UIView+WebCache.h */,
				3C20344020C536E1002253D4 /* UIView+WebCache.m */,
				3C20344120C536E1002253D4 /* UIView+WebCacheOperation.h */,
				3C20344220C536E1002253D4 /* UIView+WebCacheOperation.m */,
			);
			name = SDWebImage;
			path = SDWebImage/SDWebImage;
			sourceTree = "<group>";
		};
		3C20346120C53A28002253D4 /* AFNetworking */ = {
			isa = PBXGroup;
			children = (
				3C20346220C53A28002253D4 /* AFCompatibilityMacros.h */,
				3C20346320C53A28002253D4 /* AFHTTPSessionManager.h */,
				3C20346420C53A28002253D4 /* AFHTTPSessionManager.m */,
				3C20346520C53A28002253D4 /* AFNetworking.h */,
				3C20346620C53A28002253D4 /* AFNetworkReachabilityManager.h */,
				3C20346720C53A28002253D4 /* AFNetworkReachabilityManager.m */,
				3C20346820C53A28002253D4 /* AFSecurityPolicy.h */,
				3C20346920C53A28002253D4 /* AFSecurityPolicy.m */,
				3C20346A20C53A28002253D4 /* AFURLRequestSerialization.h */,
				3C20346B20C53A28002253D4 /* AFURLRequestSerialization.m */,
				3C20346C20C53A28002253D4 /* AFURLResponseSerialization.h */,
				3C20346D20C53A28002253D4 /* AFURLResponseSerialization.m */,
				3C20346E20C53A28002253D4 /* AFURLSessionManager.h */,
				3C20346F20C53A28002253D4 /* AFURLSessionManager.m */,
			);
			path = AFNetworking;
			sourceTree = "<group>";
		};
		3C98B1AF20B6E97B00FCA165 = {
			isa = PBXGroup;
			children = (
				3C98B1BA20B6E97B00FCA165 /* UITab */,
				3C98B1B920B6E97B00FCA165 /* Products */,
				3C20340120C5361B002253D4 /* Frameworks */,
			);
			sourceTree = "<group>";
		};
		3C98B1B920B6E97B00FCA165 /* Products */ = {
			isa = PBXGroup;
			children = (
				3C98B1B820B6E97B00FCA165 /* UITab.app */,
			);
			name = Products;
			sourceTree = "<group>";
		};
		3C98B1BA20B6E97B00FCA165 /* UITab */ = {
			isa = PBXGroup;
			children = (
				3C20346120C53A28002253D4 /* AFNetworking */,
				3C20340420C536E1002253D4 /* SDWebImage */,
				3C98B1BB20B6E97B00FCA165 /* AppDelegate.h */,
				3C98B1BC20B6E97B00FCA165 /* AppDelegate.m */,
				3C98B1BE20B6E97B00FCA165 /* ViewController.h */,
				3C98B1BF20B6E97B00FCA165 /* ViewController.m */,
				3C98B1C120B6E97B00FCA165 /* Main.storyboard */,
				3C98B1C420B6E98C00FCA165 /* Assets.xcassets */,
				3C98B1C620B6E98C00FCA165 /* LaunchScreen.storyboard */,
				3C98B1C920B6E98C00FCA165 /* Info.plist */,
				3C98B1CA20B6E98C00FCA165 /* main.m */,
				3C29875B20BBC96300414217 /* FeedViewController.h */,
				3C29875C20BBC96300414217 /* FeedViewController.m */,
				3C29875E20BBCC6100414217 /* FavouritesViewController.h */,
				3C29875F20BBCC6100414217 /* FavouritesViewController.m */,
				3C29876120BBCCEA00414217 /* ProfileViewController.h */,
				3C29876220BBCCEA00414217 /* ProfileViewController.m */,
				3C226FA020BEDEB8001DFA28 /* FeedTableViewController.h */,
				3C226FA120BEDEB8001DFA28 /* FeedTableViewController.m */,
				3C226FA320BFE3D0001DFA28 /* PhotoViewController.h */,
				3C226FA420BFE3D0001DFA28 /* PhotoViewController.m */,
			);
			path = UITab;
			sourceTree = "<group>";
		};
/* End PBXGroup section */

/* Begin PBXNativeTarget section */
		3C98B1B720B6E97B00FCA165 /* UITab */ = {
			isa = PBXNativeTarget;
			buildConfigurationList = 3C98B1CE20B6E98D00FCA165 /* Build configuration list for PBXNativeTarget "UITab" */;
			buildPhases = (
				3C98B1B420B6E97B00FCA165 /* Sources */,
				3C98B1B520B6E97B00FCA165 /* Frameworks */,
				3C98B1B620B6E97B00FCA165 /* Resources */,
			);
			buildRules = (
			);
			dependencies = (
			);
			name = UITab;
			productName = UITab;
			productReference = 3C98B1B820B6E97B00FCA165 /* UITab.app */;
			productType = "com.apple.product-type.application";
		};
/* End PBXNativeTarget section */

/* Begin PBXProject section */
		3C98B1B020B6E97B00FCA165 /* Project object */ = {
			isa = PBXProject;
			attributes = {
				LastUpgradeCheck = 0930;
				ORGANIZATIONNAME = Home;
				TargetAttributes = {
					3C98B1B720B6E97B00FCA165 = {
						CreatedOnToolsVersion = 9.3.1;
					};
				};
			};
			buildConfigurationList = 3C98B1B320B6E97B00FCA165 /* Build configuration list for PBXProject "UITab" */;
			compatibilityVersion = "Xcode 9.3";
			developmentRegion = en;
			hasScannedForEncodings = 0;
			knownRegions = (
				en,
				Base,
			);
			mainGroup = 3C98B1AF20B6E97B00FCA165;
			productRefGroup = 3C98B1B920B6E97B00FCA165 /* Products */;
			projectDirPath = "";
			projectRoot = "";
			targets = (
				3C98B1B720B6E97B00FCA165 /* UITab */,
			);
		};
/* End PBXProject section */

/* Begin PBXResourcesBuildPhase section */
		3C98B1B620B6E97B00FCA165 /* Resources */ = {
			isa = PBXResourcesBuildPhase;
			buildActionMask = 2147483647;
			files = (
				3C98B1C820B6E98C00FCA165 /* LaunchScreen.storyboard in Resources */,
				3C98B1C520B6E98C00FCA165 /* Assets.xcassets in Resources */,
				3C98B1C320B6E97B00FCA165 /* Main.storyboard in Resources */,
			);
			runOnlyForDeploymentPostprocessing = 0;
		};
/* End PBXResourcesBuildPhase section */

/* Begin PBXSourcesBuildPhase section */
		3C98B1B420B6E97B00FCA165 /* Sources */ = {
			isa = PBXSourcesBuildPhase;
			buildActionMask = 2147483647;
			files = (
				3C20345020C536E1002253D4 /* SDWebImageDownloaderOperation.m in Sources */,
				3C20347120C53A29002253D4 /* AFNetworkReachabilityManager.m in Sources */,
				3C20347020C53A29002253D4 /* AFHTTPSessionManager.m in Sources */,
				3C20347320C53A29002253D4 /* AFURLRequestSerialization.m in Sources */,
				3C29876020BBCC6100414217 /* FavouritesViewController.m in Sources */,
				3C20344C20C536E1002253D4 /* SDWebImageCoderHelper.m in Sources */,
				3C226FA520BFE3D0001DFA28 /* PhotoViewController.m in Sources */,
				3C20344B20C536E1002253D4 /* SDWebImageCoder.m in Sources */,
				3C20345420C536E1002253D4 /* SDWebImageManager.m in Sources */,
				3C20345320C536E1002253D4 /* SDWebImageImageIOCoder.m in Sources */,
				3C20345820C536E1002253D4 /* UIButton+WebCache.m in Sources */,
				3C98B1C020B6E97B00FCA165 /* ViewController.m in Sources */,
				3C20344A20C536E1002253D4 /* SDImageCacheConfig.m in Sources */,
				3C20345B20C536E1002253D4 /* UIImage+MultiFormat.m in Sources */,
				3C20345A20C536E1002253D4 /* UIImage+GIF.m in Sources */,
				3C20345520C536E1002253D4 /* SDWebImagePrefetcher.m in Sources */,
				3C20344420C536E1002253D4 /* MKAnnotationView+WebCache.m in Sources */,
				3C20345E20C536E1002253D4 /* UIImageView+WebCache.m in Sources */,
				3C20344920C536E1002253D4 /* SDImageCache.m in Sources */,
				3C20345120C536E1002253D4 /* SDWebImageFrame.m in Sources */,
				3C20345F20C536E1002253D4 /* UIView+WebCache.m in Sources */,
				3C20345920C536E1002253D4 /* UIImage+ForceDecode.m in Sources */,
				3C98B1CB20B6E98C00FCA165 /* main.m in Sources */,
				3C20344720C536E1002253D4 /* NSImage+WebCache.m in Sources */,
				3C20347520C53A29002253D4 /* AFURLSessionManager.m in Sources */,
				3C20344D20C536E1002253D4 /* SDWebImageCodersManager.m in Sources */,
				3C226FA220BEDEB8001DFA28 /* FeedTableViewController.m in Sources */,
				3C20344820C536E1002253D4 /* SDAnimatedImageRep.m in Sources */,
				3C20346020C536E1002253D4 /* UIView+WebCacheOperation.m in Sources */,
				3C29875D20BBC96300414217 /* FeedViewController.m in Sources */,
				3C20344520C536E1002253D4 /* NSButton+WebCache.m in Sources */,
				3C20345C20C536E1002253D4 /* UIImage+WebP.m in Sources */,
				3C20345220C536E1002253D4 /* SDWebImageGIFCoder.m in Sources */,
				3C29876320BBCCEA00414217 /* ProfileViewController.m in Sources */,
				3C20344E20C536E1002253D4 /* SDWebImageCompat.m in Sources */,
				3C20345620C536E1002253D4 /* SDWebImageTransition.m in Sources */,
				3C20344620C536E1002253D4 /* NSData+ImageContentType.m in Sources */,
				3C20345720C536E1002253D4 /* SDWebImageWebPCoder.m in Sources */,
				3C20347220C53A29002253D4 /* AFSecurityPolicy.m in Sources */,
				3C20344F20C536E1002253D4 /* SDWebImageDownloader.m in Sources */,
				3C20345D20C536E1002253D4 /* UIImageView+HighlightedWebCache.m in Sources */,
				3C20347420C53A29002253D4 /* AFURLResponseSerialization.m in Sources */,
				3C98B1BD20B6E97B00FCA165 /* AppDelegate.m in Sources */,
			);
			runOnlyForDeploymentPostprocessing = 0;
		};
/* End PBXSourcesBuildPhase section */

/* Begin PBXVariantGroup section */
		3C98B1C120B6E97B00FCA165 /* Main.storyboard */ = {
			isa = PBXVariantGroup;
			children = (
				3C98B1C220B6E97B00FCA165 /* Base */,
			);
			name = Main.storyboard;
			sourceTree = "<group>";
		};
		3C98B1C620B6E98C00FCA165 /* LaunchScreen.storyboard */ = {
			isa = PBXVariantGroup;
			children = (
				3C98B1C720B6E98C00FCA165 /* Base */,
			);
			name = LaunchScreen.storyboard;
			sourceTree = "<group>";
		};
/* End PBXVariantGroup section */

/* Begin XCBuildConfiguration section */
		3C98B1CC20B6E98C00FCA165 /* Debug */ = {
			isa = XCBuildConfiguration;
			buildSettings = {
				ALWAYS_SEARCH_USER_PATHS = NO;
				CLANG_ANALYZER_NONNULL = YES;
				CLANG_ANALYZER_NUMBER_OBJECT_CONVERSION = YES_AGGRESSIVE;
				CLANG_CXX_LANGUAGE_STANDARD = "gnu++14";
				CLANG_CXX_LIBRARY = "libc++";
				CLANG_ENABLE_MODULES = YES;
				CLANG_ENABLE_OBJC_ARC = YES;
				CLANG_ENABLE_OBJC_WEAK = YES;
				CLANG_WARN_BLOCK_CAPTURE_AUTORELEASING = YES;
				CLANG_WARN_BOOL_CONVERSION = YES;
				CLANG_WARN_COMMA = YES;
				CLANG_WARN_CONSTANT_CONVERSION = YES;
				CLANG_WARN_DEPRECATED_OBJC_IMPLEMENTATIONS = YES;
				CLANG_WARN_DIRECT_OBJC_ISA_USAGE = YES_ERROR;
				CLANG_WARN_DOCUMENTATION_COMMENTS = YES;
				CLANG_WARN_EMPTY_BODY = YES;
				CLANG_WARN_ENUM_CONVERSION = YES;
				CLANG_WARN_INFINITE_RECURSION = YES;
				CLANG_WARN_INT_CONVERSION = YES;
				CLANG_WARN_NON_LITERAL_NULL_CONVERSION = YES;
				CLANG_WARN_OBJC_IMPLICIT_RETAIN_SELF = YES;
				CLANG_WARN_OBJC_LITERAL_CONVERSION = YES;
				CLANG_WARN_OBJC_ROOT_CLASS = YES_ERROR;
				CLANG_WARN_RANGE_LOOP_ANALYSIS = YES;
				CLANG_WARN_STRICT_PROTOTYPES = YES;
				CLANG_WARN_SUSPICIOUS_MOVE = YES;
				CLANG_WARN_UNGUARDED_AVAILABILITY = YES_AGGRESSIVE;
				CLANG_WARN_UNREACHABLE_CODE = YES;
				CLANG_WARN__DUPLICATE_METHOD_MATCH = YES;
				CODE_SIGN_IDENTITY = "iPhone Developer";
				COPY_PHASE_STRIP = NO;
				DEBUG_INFORMATION_FORMAT = dwarf;
				ENABLE_STRICT_OBJC_MSGSEND = YES;
				ENABLE_TESTABILITY = YES;
				GCC_C_LANGUAGE_STANDARD = gnu11;
				GCC_DYNAMIC_NO_PIC = NO;
				GCC_NO_COMMON_BLOCKS = YES;
				GCC_OPTIMIZATION_LEVEL = 0;
				GCC_PREPROCESSOR_DEFINITIONS = (
					"DEBUG=1",
					"$(inherited)",
				);
				GCC_WARN_64_TO_32_BIT_CONVERSION = YES;
				GCC_WARN_ABOUT_RETURN_TYPE = YES_ERROR;
				GCC_WARN_UNDECLARED_SELECTOR = YES;
				GCC_WARN_UNINITIALIZED_AUTOS = YES_AGGRESSIVE;
				GCC_WARN_UNUSED_FUNCTION = YES;
				GCC_WARN_UNUSED_VARIABLE = YES;
				IPHONEOS_DEPLOYMENT_TARGET = 11.3;
				MTL_ENABLE_DEBUG_INFO = YES;
				ONLY_ACTIVE_ARCH = YES;
				SDKROOT = iphoneos;
			};
			name = Debug;
		};
		3C98B1CD20B6E98C00FCA165 /* Release */ = {
			isa = XCBuildConfiguration;
			buildSettings = {
				ALWAYS_SEARCH_USER_PATHS = NO;
				CLANG_ANALYZER_NONNULL = YES;
				CLANG_ANALYZER_NUMBER_OBJECT_CONVERSION = YES_AGGRESSIVE;
				CLANG_CXX_LANGUAGE_STANDARD = "gnu++14";
				CLANG_CXX_LIBRARY = "libc++";
				CLANG_ENABLE_MODULES = YES;
				CLANG_ENABLE_OBJC_ARC = YES;
				CLANG_ENABLE_OBJC_WEAK = YES;
				CLANG_WARN_BLOCK_CAPTURE_AUTORELEASING = YES;
				CLANG_WARN_BOOL_CONVERSION = YES;
				CLANG_WARN_COMMA = YES;
				CLANG_WARN_CONSTANT_CONVERSION = YES;
				CLANG_WARN_DEPRECATED_OBJC_IMPLEMENTATIONS = YES;
				CLANG_WARN_DIRECT_OBJC_ISA_USAGE = YES_ERROR;
				CLANG_WARN_DOCUMENTATION_COMMENTS = YES;
				CLANG_WARN_EMPTY_BODY = YES;
				CLANG_WARN_ENUM_CONVERSION = YES;
				CLANG_WARN_INFINITE_RECURSION = YES;
				CLANG_WARN_INT_CONVERSION = YES;
				CLANG_WARN_NON_LITERAL_NULL_CONVERSION = YES;
				CLANG_WARN_OBJC_IMPLICIT_RETAIN_SELF = YES;
				CLANG_WARN_OBJC_LITERAL_CONVERSION = YES;
				CLANG_WARN_OBJC_ROOT_CLASS = YES_ERROR;
				CLANG_WARN_RANGE_LOOP_ANALYSIS = YES;
				CLANG_WARN_STRICT_PROTOTYPES = YES;
				CLANG_WARN_SUSPICIOUS_MOVE = YES;
				CLANG_WARN_UNGUARDED_AVAILABILITY = YES_AGGRESSIVE;
				CLANG_WARN_UNREACHABLE_CODE = YES;
				CLANG_WARN__DUPLICATE_METHOD_MATCH = YES;
				CODE_SIGN_IDENTITY = "iPhone Developer";
				COPY_PHASE_STRIP = NO;
				DEBUG_INFORMATION_FORMAT = "dwarf-with-dsym";
				ENABLE_NS_ASSERTIONS = NO;
				ENABLE_STRICT_OBJC_MSGSEND = YES;
				GCC_C_LANGUAGE_STANDARD = gnu11;
				GCC_NO_COMMON_BLOCKS = YES;
				GCC_WARN_64_TO_32_BIT_CONVERSION = YES;
				GCC_WARN_ABOUT_RETURN_TYPE = YES_ERROR;
				GCC_WARN_UNDECLARED_SELECTOR = YES;
				GCC_WARN_UNINITIALIZED_AUTOS = YES_AGGRESSIVE;
				GCC_WARN_UNUSED_FUNCTION = YES;
				GCC_WARN_UNUSED_VARIABLE = YES;
				IPHONEOS_DEPLOYMENT_TARGET = 11.3;
				MTL_ENABLE_DEBUG_INFO = NO;
				SDKROOT = iphoneos;
				VALIDATE_PRODUCT = YES;
			};
			name = Release;
		};
		3C98B1CF20B6E98D00FCA165 /* Debug */ = {
			isa = XCBuildConfiguration;
			buildSettings = {
				ASSETCATALOG_COMPILER_APPICON_NAME = AppIcon;
				CODE_SIGN_STYLE = Automatic;
				INFOPLIST_FILE = UITab/Info.plist;
				LD_RUNPATH_SEARCH_PATHS = (
					"$(inherited)",
					"@executable_path/Frameworks",
				);
				OTHER_LDFLAGS = "-ObjC";
				PRODUCT_BUNDLE_IDENTIFIER = com.utsav.UITab;
				PRODUCT_NAME = "$(TARGET_NAME)";
				TARGETED_DEVICE_FAMILY = "1,2";
			};
			name = Debug;
		};
		3C98B1D020B6E98D00FCA165 /* Release */ = {
			isa = XCBuildConfiguration;
			buildSettings = {
				ASSETCATALOG_COMPILER_APPICON_NAME = AppIcon;
				CODE_SIGN_STYLE = Automatic;
				INFOPLIST_FILE = UITab/Info.plist;
				LD_RUNPATH_SEARCH_PATHS = (
					"$(inherited)",
					"@executable_path/Frameworks",
				);
				OTHER_LDFLAGS = "-ObjC";
				PRODUCT_BUNDLE_IDENTIFIER = com.utsav.UITab;
				PRODUCT_NAME = "$(TARGET_NAME)";
				TARGETED_DEVICE_FAMILY = "1,2";
			};
			name = Release;
		};
/* End XCBuildConfiguration section */

/* Begin XCConfigurationList section */
		3C98B1B320B6E97B00FCA165 /* Build configuration list for PBXProject "UITab" */ = {
			isa = XCConfigurationList;
			buildConfigurations = (
				3C98B1CC20B6E98C00FCA165 /* Debug */,
				3C98B1CD20B6E98C00FCA165 /* Release */,
			);
			defaultConfigurationIsVisible = 0;
			defaultConfigurationName = Release;
		};
		3C98B1CE20B6E98D00FCA165 /* Build configuration list for PBXNativeTarget "UITab" */ = {
			isa = XCConfigurationList;
			buildConfigurations = (
				3C98B1CF20B6E98D00FCA165 /* Debug */,
				3C98B1D020B6E98D00FCA165 /* Release */,
			);
			defaultConfigurationIsVisible = 0;
			defaultConfigurationName = Release;
		};
/* End XCConfigurationList section */
	};
	rootObject = 3C98B1B020B6E97B00FCA165 /* Project object */;
}
